// !$*UTF8*$!
{
	archiveVersion = 1;
	classes = {
	};
	objectVersion = 56;
	objects = {

/* Begin PBXBuildFile section */
		4189778E29E4D9A500055D90 /* AppDelegate.swift in Sources */ = {isa = PBXBuildFile; fileRef = 4189778D29E4D9A500055D90 /* AppDelegate.swift */; };
		4189779029E4D9A500055D90 /* SceneDelegate.swift in Sources */ = {isa = PBXBuildFile; fileRef = 4189778F29E4D9A500055D90 /* SceneDelegate.swift */; };
		4189779229E4D9A500055D90 /* HomeViewController.swift in Sources */ = {isa = PBXBuildFile; fileRef = 4189779129E4D9A500055D90 /* HomeViewController.swift */; };
		4189779729E4D9A600055D90 /* Assets.xcassets in Resources */ = {isa = PBXBuildFile; fileRef = 4189779629E4D9A600055D90 /* Assets.xcassets */; };
		4189779A29E4D9A600055D90 /* LaunchScreen.storyboard in Resources */ = {isa = PBXBuildFile; fileRef = 4189779829E4D9A600055D90 /* LaunchScreen.storyboard */; };
		418977A329E4DCB500055D90 /* MainNavigationController.swift in Sources */ = {isa = PBXBuildFile; fileRef = 418977A229E4DCB500055D90 /* MainNavigationController.swift */; };
		418977A629E5C49000055D90 /* Extensions.swift in Sources */ = {isa = PBXBuildFile; fileRef = 418977A529E5C49000055D90 /* Extensions.swift */; };
		418977A829E6236000055D90 /* GameCreatorViewController.swift in Sources */ = {isa = PBXBuildFile; fileRef = 418977A729E6236000055D90 /* GameCreatorViewController.swift */; };
		418977AC29E8CC7200055D90 /* Views.swift in Sources */ = {isa = PBXBuildFile; fileRef = 418977AB29E8CC7200055D90 /* Views.swift */; };
		418977AE29E91C3A00055D90 /* BaseViewController.swift in Sources */ = {isa = PBXBuildFile; fileRef = 418977AD29E91C3A00055D90 /* BaseViewController.swift */; };
		418977B029EB463F00055D90 /* MainTabBarViewController.swift in Sources */ = {isa = PBXBuildFile; fileRef = 418977AF29EB463F00055D90 /* MainTabBarViewController.swift */; };
		418977B229EB4C7A00055D90 /* FavoritesViewController.swift in Sources */ = {isa = PBXBuildFile; fileRef = 418977B129EB4C7A00055D90 /* FavoritesViewController.swift */; };
		418977B429EB4D3B00055D90 /* BrowseViewController.swift in Sources */ = {isa = PBXBuildFile; fileRef = 418977B329EB4D3B00055D90 /* BrowseViewController.swift */; };
		418977B729EB4E4100055D90 /* AccountViewController.swift in Sources */ = {isa = PBXBuildFile; fileRef = 418977B529EB4E4100055D90 /* AccountViewController.swift */; };
		418977B829EB4E4100055D90 /* SpendViewController.swift in Sources */ = {isa = PBXBuildFile; fileRef = 418977B629EB4E4100055D90 /* SpendViewController.swift */; };
		418977BB29EC92AB00055D90 /* LevelSettingCollectionViewCell.swift in Sources */ = {isa = PBXBuildFile; fileRef = 418977BA29EC92AB00055D90 /* LevelSettingCollectionViewCell.swift */; };
		418977BD29EC967E00055D90 /* PlayerEntersCollectionViewCell.swift in Sources */ = {isa = PBXBuildFile; fileRef = 418977BC29EC967E00055D90 /* PlayerEntersCollectionViewCell.swift */; };
		418977BF29EC9E0F00055D90 /* AddModuleCollectionViewCell.swift in Sources */ = {isa = PBXBuildFile; fileRef = 418977BE29EC9E0F00055D90 /* AddModuleCollectionViewCell.swift */; };
/* End PBXBuildFile section */

/* Begin PBXFileReference section */
		4189778A29E4D9A500055D90 /* Chat Game.app */ = {isa = PBXFileReference; explicitFileType = wrapper.application; includeInIndex = 0; path = "Chat Game.app"; sourceTree = BUILT_PRODUCTS_DIR; };
		4189778D29E4D9A500055D90 /* AppDelegate.swift */ = {isa = PBXFileReference; lastKnownFileType = sourcecode.swift; path = AppDelegate.swift; sourceTree = "<group>"; };
		4189778F29E4D9A500055D90 /* SceneDelegate.swift */ = {isa = PBXFileReference; lastKnownFileType = sourcecode.swift; path = SceneDelegate.swift; sourceTree = "<group>"; };
		4189779129E4D9A500055D90 /* HomeViewController.swift */ = {isa = PBXFileReference; lastKnownFileType = sourcecode.swift; path = HomeViewController.swift; sourceTree = "<group>"; };
		4189779629E4D9A600055D90 /* Assets.xcassets */ = {isa = PBXFileReference; lastKnownFileType = folder.assetcatalog; path = Assets.xcassets; sourceTree = "<group>"; };
		4189779929E4D9A600055D90 /* Base */ = {isa = PBXFileReference; lastKnownFileType = file.storyboard; name = Base; path = Base.lproj/LaunchScreen.storyboard; sourceTree = "<group>"; };
		4189779B29E4D9A600055D90 /* Info.plist */ = {isa = PBXFileReference; lastKnownFileType = text.plist.xml; path = Info.plist; sourceTree = "<group>"; };
		418977A229E4DCB500055D90 /* MainNavigationController.swift */ = {isa = PBXFileReference; lastKnownFileType = sourcecode.swift; path = MainNavigationController.swift; sourceTree = "<group>"; };
		418977A529E5C49000055D90 /* Extensions.swift */ = {isa = PBXFileReference; lastKnownFileType = sourcecode.swift; path = Extensions.swift; sourceTree = "<group>"; };
		418977A729E6236000055D90 /* GameCreatorViewController.swift */ = {isa = PBXFileReference; lastKnownFileType = sourcecode.swift; path = GameCreatorViewController.swift; sourceTree = "<group>"; };
		418977AB29E8CC7200055D90 /* Views.swift */ = {isa = PBXFileReference; lastKnownFileType = sourcecode.swift; path = Views.swift; sourceTree = "<group>"; };
		418977AD29E91C3A00055D90 /* BaseViewController.swift */ = {isa = PBXFileReference; lastKnownFileType = sourcecode.swift; path = BaseViewController.swift; sourceTree = "<group>"; };
		418977AF29EB463F00055D90 /* MainTabBarViewController.swift */ = {isa = PBXFileReference; lastKnownFileType = sourcecode.swift; path = MainTabBarViewController.swift; sourceTree = "<group>"; };
		418977B129EB4C7A00055D90 /* FavoritesViewController.swift */ = {isa = PBXFileReference; lastKnownFileType = sourcecode.swift; path = FavoritesViewController.swift; sourceTree = "<group>"; };
		418977B329EB4D3B00055D90 /* BrowseViewController.swift */ = {isa = PBXFileReference; lastKnownFileType = sourcecode.swift; path = BrowseViewController.swift; sourceTree = "<group>"; };
		418977B529EB4E4100055D90 /* AccountViewController.swift */ = {isa = PBXFileReference; fileEncoding = 4; lastKnownFileType = sourcecode.swift; path = AccountViewController.swift; sourceTree = "<group>"; };
		418977B629EB4E4100055D90 /* SpendViewController.swift */ = {isa = PBXFileReference; fileEncoding = 4; lastKnownFileType = sourcecode.swift; path = SpendViewController.swift; sourceTree = "<group>"; };
		418977BA29EC92AB00055D90 /* LevelSettingCollectionViewCell.swift */ = {isa = PBXFileReference; lastKnownFileType = sourcecode.swift; path = LevelSettingCollectionViewCell.swift; sourceTree = "<group>"; };
		418977BC29EC967E00055D90 /* PlayerEntersCollectionViewCell.swift */ = {isa = PBXFileReference; lastKnownFileType = sourcecode.swift; path = PlayerEntersCollectionViewCell.swift; sourceTree = "<group>"; };
		418977BE29EC9E0F00055D90 /* AddModuleCollectionViewCell.swift */ = {isa = PBXFileReference; fileEncoding = 4; lastKnownFileType = sourcecode.swift; path = AddModuleCollectionViewCell.swift; sourceTree = "<group>"; };
/* End PBXFileReference section */

/* Begin PBXFrameworksBuildPhase section */
		4189778729E4D9A500055D90 /* Frameworks */ = {
			isa = PBXFrameworksBuildPhase;
			buildActionMask = 2147483647;
			files = (
			);
			runOnlyForDeploymentPostprocessing = 0;
		};
/* End PBXFrameworksBuildPhase section */

/* Begin PBXGroup section */
		4189778129E4D9A500055D90 = {
			isa = PBXGroup;
			children = (
				4189778C29E4D9A500055D90 /* Chat Game */,
				4189778B29E4D9A500055D90 /* Products */,
			);
			sourceTree = "<group>";
		};
		4189778B29E4D9A500055D90 /* Products */ = {
			isa = PBXGroup;
			children = (
				4189778A29E4D9A500055D90 /* Chat Game.app */,
			);
			name = Products;
			sourceTree = "<group>";
		};
		4189778C29E4D9A500055D90 /* Chat Game */ = {
			isa = PBXGroup;
			children = (
				418977AA29E8CC6600055D90 /* Views */,
				4189778D29E4D9A500055D90 /* AppDelegate.swift */,
				4189778F29E4D9A500055D90 /* SceneDelegate.swift */,
				418977A129E4DC8700055D90 /* View Controllers */,
				418977B929EC928900055D90 /* Cells */,
				418977A429E5C47900055D90 /* Extensions */,
				4189779629E4D9A600055D90 /* Assets.xcassets */,
				4189779829E4D9A600055D90 /* LaunchScreen.storyboard */,
				4189779B29E4D9A600055D90 /* Info.plist */,
			);
			path = "Chat Game";
			sourceTree = "<group>";
		};
		418977A129E4DC8700055D90 /* View Controllers */ = {
			isa = PBXGroup;
			children = (
				418977A229E4DCB500055D90 /* MainNavigationController.swift */,
				418977AD29E91C3A00055D90 /* BaseViewController.swift */,
				4189779129E4D9A500055D90 /* HomeViewController.swift */,
				418977A729E6236000055D90 /* GameCreatorViewController.swift */,
				418977AF29EB463F00055D90 /* MainTabBarViewController.swift */,
				418977B129EB4C7A00055D90 /* FavoritesViewController.swift */,
				418977B329EB4D3B00055D90 /* BrowseViewController.swift */,
				418977B529EB4E4100055D90 /* AccountViewController.swift */,
				418977B629EB4E4100055D90 /* SpendViewController.swift */,
			);
			path = "View Controllers";
			sourceTree = "<group>";
		};
		418977A429E5C47900055D90 /* Extensions */ = {
			isa = PBXGroup;
			children = (
				418977A529E5C49000055D90 /* Extensions.swift */,
			);
			path = Extensions;
			sourceTree = "<group>";
		};
		418977AA29E8CC6600055D90 /* Views */ = {
			isa = PBXGroup;
			children = (
				418977AB29E8CC7200055D90 /* Views.swift */,
			);
			path = Views;
			sourceTree = "<group>";
		};
		418977B929EC928900055D90 /* Cells */ = {
			isa = PBXGroup;
			children = (
				418977BA29EC92AB00055D90 /* LevelSettingCollectionViewCell.swift */,
				418977BC29EC967E00055D90 /* PlayerEntersCollectionViewCell.swift */,
				418977BE29EC9E0F00055D90 /* AddModuleCollectionViewCell.swift */,
			);
			path = Cells;
			sourceTree = "<group>";
		};
/* End PBXGroup section */

/* Begin PBXNativeTarget section */
		4189778929E4D9A500055D90 /* Chat Game */ = {
			isa = PBXNativeTarget;
			buildConfigurationList = 4189779E29E4D9A600055D90 /* Build configuration list for PBXNativeTarget "Chat Game" */;
			buildPhases = (
				4189778629E4D9A500055D90 /* Sources */,
				4189778729E4D9A500055D90 /* Frameworks */,
				4189778829E4D9A500055D90 /* Resources */,
			);
			buildRules = (
			);
			dependencies = (
			);
			name = "Chat Game";
			productName = "Chat Game";
			productReference = 4189778A29E4D9A500055D90 /* Chat Game.app */;
			productType = "com.apple.product-type.application";
		};
/* End PBXNativeTarget section */

/* Begin PBXProject section */
		4189778229E4D9A500055D90 /* Project object */ = {
			isa = PBXProject;
			attributes = {
				BuildIndependentTargetsInParallel = 1;
				LastSwiftUpdateCheck = 1430;
				LastUpgradeCheck = 1430;
				TargetAttributes = {
					4189778929E4D9A500055D90 = {
						CreatedOnToolsVersion = 14.3;
					};
				};
			};
			buildConfigurationList = 4189778529E4D9A500055D90 /* Build configuration list for PBXProject "Chat Game" */;
			compatibilityVersion = "Xcode 14.0";
			developmentRegion = en;
			hasScannedForEncodings = 0;
			knownRegions = (
				en,
				Base,
			);
			mainGroup = 4189778129E4D9A500055D90;
			productRefGroup = 4189778B29E4D9A500055D90 /* Products */;
			projectDirPath = "";
			projectRoot = "";
			targets = (
				4189778929E4D9A500055D90 /* Chat Game */,
			);
		};
/* End PBXProject section */

/* Begin PBXResourcesBuildPhase section */
		4189778829E4D9A500055D90 /* Resources */ = {
			isa = PBXResourcesBuildPhase;
			buildActionMask = 2147483647;
			files = (
				4189779A29E4D9A600055D90 /* LaunchScreen.storyboard in Resources */,
				4189779729E4D9A600055D90 /* Assets.xcassets in Resources */,
			);
			runOnlyForDeploymentPostprocessing = 0;
		};
/* End PBXResourcesBuildPhase section */

/* Begin PBXSourcesBuildPhase section */
		4189778629E4D9A500055D90 /* Sources */ = {
			isa = PBXSourcesBuildPhase;
			buildActionMask = 2147483647;
			files = (
				418977BB29EC92AB00055D90 /* LevelSettingCollectionViewCell.swift in Sources */,
				418977A629E5C49000055D90 /* Extensions.swift in Sources */,
				4189779229E4D9A500055D90 /* HomeViewController.swift in Sources */,
				418977B729EB4E4100055D90 /* AccountViewController.swift in Sources */,
				4189778E29E4D9A500055D90 /* AppDelegate.swift in Sources */,
				418977B429EB4D3B00055D90 /* BrowseViewController.swift in Sources */,
				418977BF29EC9E0F00055D90 /* AddModuleCollectionViewCell.swift in Sources */,
				418977B029EB463F00055D90 /* MainTabBarViewController.swift in Sources */,
				418977AC29E8CC7200055D90 /* Views.swift in Sources */,
				418977A829E6236000055D90 /* GameCreatorViewController.swift in Sources */,
				418977AE29E91C3A00055D90 /* BaseViewController.swift in Sources */,
				418977B829EB4E4100055D90 /* SpendViewController.swift in Sources */,
				418977A329E4DCB500055D90 /* MainNavigationController.swift in Sources */,
				418977BD29EC967E00055D90 /* PlayerEntersCollectionViewCell.swift in Sources */,
				418977B229EB4C7A00055D90 /* FavoritesViewController.swift in Sources */,
				4189779029E4D9A500055D90 /* SceneDelegate.swift in Sources */,
			);
			runOnlyForDeploymentPostprocessing = 0;
		};
/* End PBXSourcesBuildPhase section */

/* Begin PBXVariantGroup section */
		4189779829E4D9A600055D90 /* LaunchScreen.storyboard */ = {
			isa = PBXVariantGroup;
			children = (
				4189779929E4D9A600055D90 /* Base */,
			);
			name = LaunchScreen.storyboard;
			sourceTree = "<group>";
		};
/* End PBXVariantGroup section */

/* Begin XCBuildConfiguration section */
		4189779C29E4D9A600055D90 /* Debug */ = {
			isa = XCBuildConfiguration;
			buildSettings = {
				ALWAYS_SEARCH_USER_PATHS = NO;
				CLANG_ANALYZER_NONNULL = YES;
				CLANG_ANALYZER_NUMBER_OBJECT_CONVERSION = YES_AGGRESSIVE;
				CLANG_CXX_LANGUAGE_STANDARD = "gnu++20";
				CLANG_ENABLE_MODULES = YES;
				CLANG_ENABLE_OBJC_ARC = YES;
				CLANG_ENABLE_OBJC_WEAK = YES;
				CLANG_WARN_BLOCK_CAPTURE_AUTORELEASING = YES;
				CLANG_WARN_BOOL_CONVERSION = YES;
				CLANG_WARN_COMMA = YES;
				CLANG_WARN_CONSTANT_CONVERSION = YES;
				CLANG_WARN_DEPRECATED_OBJC_IMPLEMENTATIONS = YES;
				CLANG_WARN_DIRECT_OBJC_ISA_USAGE = YES_ERROR;
				CLANG_WARN_DOCUMENTATION_COMMENTS = YES;
				CLANG_WARN_EMPTY_BODY = YES;
				CLANG_WARN_ENUM_CONVERSION = YES;
				CLANG_WARN_INFINITE_RECURSION = YES;
				CLANG_WARN_INT_CONVERSION = YES;
				CLANG_WARN_NON_LITERAL_NULL_CONVERSION = YES;
				CLANG_WARN_OBJC_IMPLICIT_RETAIN_SELF = YES;
				CLANG_WARN_OBJC_LITERAL_CONVERSION = YES;
				CLANG_WARN_OBJC_ROOT_CLASS = YES_ERROR;
				CLANG_WARN_QUOTED_INCLUDE_IN_FRAMEWORK_HEADER = YES;
				CLANG_WARN_RANGE_LOOP_ANALYSIS = YES;
				CLANG_WARN_STRICT_PROTOTYPES = YES;
				CLANG_WARN_SUSPICIOUS_MOVE = YES;
				CLANG_WARN_UNGUARDED_AVAILABILITY = YES_AGGRESSIVE;
				CLANG_WARN_UNREACHABLE_CODE = YES;
				CLANG_WARN__DUPLICATE_METHOD_MATCH = YES;
				COPY_PHASE_STRIP = NO;
				DEBUG_INFORMATION_FORMAT = dwarf;
				ENABLE_STRICT_OBJC_MSGSEND = YES;
				ENABLE_TESTABILITY = YES;
				GCC_C_LANGUAGE_STANDARD = gnu11;
				GCC_DYNAMIC_NO_PIC = NO;
				GCC_NO_COMMON_BLOCKS = YES;
				GCC_OPTIMIZATION_LEVEL = 0;
				GCC_PREPROCESSOR_DEFINITIONS = (
					"DEBUG=1",
					"$(inherited)",
				);
				GCC_WARN_64_TO_32_BIT_CONVERSION = YES;
				GCC_WARN_ABOUT_RETURN_TYPE = YES_ERROR;
				GCC_WARN_UNDECLARED_SELECTOR = YES;
				GCC_WARN_UNINITIALIZED_AUTOS = YES_AGGRESSIVE;
				GCC_WARN_UNUSED_FUNCTION = YES;
				GCC_WARN_UNUSED_VARIABLE = YES;
				IPHONEOS_DEPLOYMENT_TARGET = 16.4;
				MTL_ENABLE_DEBUG_INFO = INCLUDE_SOURCE;
				MTL_FAST_MATH = YES;
				ONLY_ACTIVE_ARCH = YES;
				SDKROOT = iphoneos;
				SWIFT_ACTIVE_COMPILATION_CONDITIONS = DEBUG;
				SWIFT_OPTIMIZATION_LEVEL = "-Onone";
			};
			name = Debug;
		};
		4189779D29E4D9A600055D90 /* Release */ = {
			isa = XCBuildConfiguration;
			buildSettings = {
				ALWAYS_SEARCH_USER_PATHS = NO;
				CLANG_ANALYZER_NONNULL = YES;
				CLANG_ANALYZER_NUMBER_OBJECT_CONVERSION = YES_AGGRESSIVE;
				CLANG_CXX_LANGUAGE_STANDARD = "gnu++20";
				CLANG_ENABLE_MODULES = YES;
				CLANG_ENABLE_OBJC_ARC = YES;
				CLANG_ENABLE_OBJC_WEAK = YES;
				CLANG_WARN_BLOCK_CAPTURE_AUTORELEASING = YES;
				CLANG_WARN_BOOL_CONVERSION = YES;
				CLANG_WARN_COMMA = YES;
				CLANG_WARN_CONSTANT_CONVERSION = YES;
				CLANG_WARN_DEPRECATED_OBJC_IMPLEMENTATIONS = YES;
				CLANG_WARN_DIRECT_OBJC_ISA_USAGE = YES_ERROR;
				CLANG_WARN_DOCUMENTATION_COMMENTS = YES;
				CLANG_WARN_EMPTY_BODY = YES;
				CLANG_WARN_ENUM_CONVERSION = YES;
				CLANG_WARN_INFINITE_RECURSION = YES;
				CLANG_WARN_INT_CONVERSION = YES;
				CLANG_WARN_NON_LITERAL_NULL_CONVERSION = YES;
				CLANG_WARN_OBJC_IMPLICIT_RETAIN_SELF = YES;
				CLANG_WARN_OBJC_LITERAL_CONVERSION = YES;
				CLANG_WARN_OBJC_ROOT_CLASS = YES_ERROR;
				CLANG_WARN_QUOTED_INCLUDE_IN_FRAMEWORK_HEADER = YES;
				CLANG_WARN_RANGE_LOOP_ANALYSIS = YES;
				CLANG_WARN_STRICT_PROTOTYPES = YES;
				CLANG_WARN_SUSPICIOUS_MOVE = YES;
				CLANG_WARN_UNGUARDED_AVAILABILITY = YES_AGGRESSIVE;
				CLANG_WARN_UNREACHABLE_CODE = YES;
				CLANG_WARN__DUPLICATE_METHOD_MATCH = YES;
				COPY_PHASE_STRIP = NO;
				DEBUG_INFORMATION_FORMAT = "dwarf-with-dsym";
				ENABLE_NS_ASSERTIONS = NO;
				ENABLE_STRICT_OBJC_MSGSEND = YES;
				GCC_C_LANGUAGE_STANDARD = gnu11;
				GCC_NO_COMMON_BLOCKS = YES;
				GCC_WARN_64_TO_32_BIT_CONVERSION = YES;
				GCC_WARN_ABOUT_RETURN_TYPE = YES_ERROR;
				GCC_WARN_UNDECLARED_SELECTOR = YES;
				GCC_WARN_UNINITIALIZED_AUTOS = YES_AGGRESSIVE;
				GCC_WARN_UNUSED_FUNCTION = YES;
				GCC_WARN_UNUSED_VARIABLE = YES;
				IPHONEOS_DEPLOYMENT_TARGET = 16.4;
				MTL_ENABLE_DEBUG_INFO = NO;
				MTL_FAST_MATH = YES;
				SDKROOT = iphoneos;
				SWIFT_COMPILATION_MODE = wholemodule;
				SWIFT_OPTIMIZATION_LEVEL = "-O";
				VALIDATE_PRODUCT = YES;
			};
			name = Release;
		};
		4189779F29E4D9A600055D90 /* Debug */ = {
			isa = XCBuildConfiguration;
			buildSettings = {
				ASSETCATALOG_COMPILER_APPICON_NAME = AppIcon;
				ASSETCATALOG_COMPILER_GLOBAL_ACCENT_COLOR_NAME = AccentColor;
				CODE_SIGN_STYLE = Automatic;
				CURRENT_PROJECT_VERSION = 1;
				DEVELOPMENT_TEAM = H74EYQDPHH;
				GENERATE_INFOPLIST_FILE = YES;
				INFOPLIST_FILE = "Chat Game/Info.plist";
				INFOPLIST_KEY_UIApplicationSupportsIndirectInputEvents = YES;
				INFOPLIST_KEY_UILaunchStoryboardName = LaunchScreen;
				INFOPLIST_KEY_UISupportedInterfaceOrientations_iPhone = UIInterfaceOrientationPortrait;
				IPHONEOS_DEPLOYMENT_TARGET = 15.0;
				LD_RUNPATH_SEARCH_PATHS = (
					"$(inherited)",
					"@executable_path/Frameworks",
				);
				MARKETING_VERSION = 1.0;
				PRODUCT_BUNDLE_IDENTIFIER = "com.realnotion.Chat-Game";
				PRODUCT_NAME = "$(TARGET_NAME)";
				SUPPORTED_PLATFORMS = "iphoneos iphonesimulator";
				SUPPORTS_MACCATALYST = NO;
				SUPPORTS_MAC_DESIGNED_FOR_IPHONE_IPAD = NO;
				SWIFT_EMIT_LOC_STRINGS = YES;
				SWIFT_VERSION = 5.0;
				TARGETED_DEVICE_FAMILY = 1;
			};
			name = Debug;
		};
		418977A029E4D9A600055D90 /* Release */ = {
			isa = XCBuildConfiguration;
			buildSettings = {
				ASSETCATALOG_COMPILER_APPICON_NAME = AppIcon;
				ASSETCATALOG_COMPILER_GLOBAL_ACCENT_COLOR_NAME = AccentColor;
				CODE_SIGN_STYLE = Automatic;
				CURRENT_PROJECT_VERSION = 1;
				DEVELOPMENT_TEAM = H74EYQDPHH;
				GENERATE_INFOPLIST_FILE = YES;
				INFOPLIST_FILE = "Chat Game/Info.plist";
				INFOPLIST_KEY_UIApplicationSupportsIndirectInputEvents = YES;
				INFOPLIST_KEY_UILaunchStoryboardName = LaunchScreen;
				INFOPLIST_KEY_UISupportedInterfaceOrientations_iPhone = UIInterfaceOrientationPortrait;
				IPHONEOS_DEPLOYMENT_TARGET = 15.0;
				LD_RUNPATH_SEARCH_PATHS = (
					"$(inherited)",
					"@executable_path/Frameworks",
				);
				MARKETING_VERSION = 1.0;
				PRODUCT_BUNDLE_IDENTIFIER = "com.realnotion.Chat-Game";
				PRODUCT_NAME = "$(TARGET_NAME)";
				SUPPORTED_PLATFORMS = "iphoneos iphonesimulator";
				SUPPORTS_MACCATALYST = NO;
				SUPPORTS_MAC_DESIGNED_FOR_IPHONE_IPAD = NO;
				SWIFT_EMIT_LOC_STRINGS = YES;
				SWIFT_VERSION = 5.0;
				TARGETED_DEVICE_FAMILY = 1;
			};
			name = Release;
		};
/* End XCBuildConfiguration section */

/* Begin XCConfigurationList section */
		4189778529E4D9A500055D90 /* Build configuration list for PBXProject "Chat Game" */ = {
			isa = XCConfigurationList;
			buildConfigurations = (
				4189779C29E4D9A600055D90 /* Debug */,
				4189779D29E4D9A600055D90 /* Release */,
			);
			defaultConfigurationIsVisible = 0;
			defaultConfigurationName = Release;
		};
		4189779E29E4D9A600055D90 /* Build configuration list for PBXNativeTarget "Chat Game" */ = {
			isa = XCConfigurationList;
			buildConfigurations = (
				4189779F29E4D9A600055D90 /* Debug */,
				418977A029E4D9A600055D90 /* Release */,
			);
			defaultConfigurationIsVisible = 0;
			defaultConfigurationName = Release;
		};
/* End XCConfigurationList section */
	};
	rootObject = 4189778229E4D9A500055D90 /* Project object */;
}
